
Microsoft Visual Studio Solution File, Format Version 12.00
# Visual Studio Version 17
VisualStudioVersion = 17.3.32901.215
MinimumVisualStudioVersion = 10.0.40219.1
Project("{FAE04EC0-301F-11D3-BF4B-00C04F79EFBC}") = "Random_Color_Question_App", "Random_Color_Question_App\Random_Color_Question_App.csproj", "{0DB945C5-6A54-4BA8-8610-E62E310DF0FB}"
EndProject
Global
	GlobalSection(SolutionConfigurationPlatforms) = preSolution
		Debug|Any CPU = Debug|Any CPU
		Release|Any CPU = Release|Any CPU
	EndGlobalSection
	GlobalSection(ProjectConfigurationPlatforms) = postSolution
		{0DB945C5-6A54-4BA8-8610-E62E310DF0FB}.Debug|Any CPU.ActiveCfg = Debug|Any CPU
		{0DB945C5-6A54-4BA8-8610-E62E310DF0FB}.Debug|Any CPU.Build.0 = Debug|Any CPU
		{0DB945C5-6A54-4BA8-8610-E62E310DF0FB}.Release|Any CPU.ActiveCfg = Release|Any CPU
		{0DB945C5-6A54-4BA8-8610-E62E310DF0FB}.Release|Any CPU.Build.0 = Release|Any CPU
	EndGlobalSection
	GlobalSection(SolutionProperties) = preSolution
		HideSolutionNode = FALSE
	EndGlobalSection
	GlobalSection(ExtensibilityGlobals) = postSolution
		SolutionGuid = {232510D7-4CAF-4BA7-BF01-0CF666A1982E}
	EndGlobalSection
EndGlobal
